
Microsoft Visual Studio Solution File, Format Version 12.00
# Visual Studio Version 16
VisualStudioVersion = 16.0.30517.126
MinimumVisualStudioVersion = 10.0.40219.1
Project("{FAE04EC0-301F-11D3-BF4B-00C04F79EFBC}") = "ClearFolder", "ClearFolder\ClearFolder.csproj", "{80D9D3DF-CB72-4AD7-87BD-9FCAF3E57C40}"
EndProject
Project("{FAE04EC0-301F-11D3-BF4B-00C04F79EFBC}") = "CreateDirectory", "CreateDirectory\CreateDirectory.csproj", "{5F5715F3-A519-4FD2-B86A-0938B202F0F1}"
EndProject
Global
	GlobalSection(SolutionConfigurationPlatforms) = preSolution
		Debug|Any CPU = Debug|Any CPU
		Release|Any CPU = Release|Any CPU
	EndGlobalSection
	GlobalSection(ProjectConfigurationPlatforms) = postSolution
		{80D9D3DF-CB72-4AD7-87BD-9FCAF3E57C40}.Debug|Any CPU.ActiveCfg = Debug|Any CPU
		{80D9D3DF-CB72-4AD7-87BD-9FCAF3E57C40}.Debug|Any CPU.Build.0 = Debug|Any CPU
		{80D9D3DF-CB72-4AD7-87BD-9FCAF3E57C40}.Release|Any CPU.ActiveCfg = Release|Any CPU
		{80D9D3DF-CB72-4AD7-87BD-9FCAF3E57C40}.Release|Any CPU.Build.0 = Release|Any CPU
		{5F5715F3-A519-4FD2-B86A-0938B202F0F1}.Debug|Any CPU.ActiveCfg = Debug|Any CPU
		{5F5715F3-A519-4FD2-B86A-0938B202F0F1}.Debug|Any CPU.Build.0 = Debug|Any CPU
		{5F5715F3-A519-4FD2-B86A-0938B202F0F1}.Release|Any CPU.ActiveCfg = Release|Any CPU
		{5F5715F3-A519-4FD2-B86A-0938B202F0F1}.Release|Any CPU.Build.0 = Release|Any CPU
	EndGlobalSection
	GlobalSection(SolutionProperties) = preSolution
		HideSolutionNode = FALSE
	EndGlobalSection
	GlobalSection(ExtensibilityGlobals) = postSolution
		SolutionGuid = {38ACA1B8-EBA8-49D5-A809-FDA4EFFB2793}
	EndGlobalSection
EndGlobal
